// !$*UTF8*$!
{
	archiveVersion = 1;
	classes = {
	};
	objectVersion = 46;
	objects = {

/* Begin PBXBuildFile section */
		1A1A7F4118BEDF9E00EE0388 /* Foundation.framework in Frameworks */ = {isa = PBXBuildFile; fileRef = 1A1A7F4018BEDF9E00EE0388 /* Foundation.framework */; };
		1A1A7F4318BEDF9E00EE0388 /* CoreGraphics.framework in Frameworks */ = {isa = PBXBuildFile; fileRef = 1A1A7F4218BEDF9E00EE0388 /* CoreGraphics.framework */; };
		1A1A7F4518BEDF9E00EE0388 /* UIKit.framework in Frameworks */ = {isa = PBXBuildFile; fileRef = 1A1A7F4418BEDF9E00EE0388 /* UIKit.framework */; };
		1A1A7F4B18BEDF9E00EE0388 /* InfoPlist.strings in Resources */ = {isa = PBXBuildFile; fileRef = 1A1A7F4918BEDF9E00EE0388 /* InfoPlist.strings */; };
		1A1A7F4D18BEDF9E00EE0388 /* main.m in Sources */ = {isa = PBXBuildFile; fileRef = 1A1A7F4C18BEDF9E00EE0388 /* main.m */; };
		1A1A7F5118BEDF9E00EE0388 /* AppDelegate.m in Sources */ = {isa = PBXBuildFile; fileRef = 1A1A7F5018BEDF9E00EE0388 /* AppDelegate.m */; };
		1A1A7F5318BEDF9E00EE0388 /* Images.xcassets in Resources */ = {isa = PBXBuildFile; fileRef = 1A1A7F5218BEDF9E00EE0388 /* Images.xcassets */; };
		1A1A7F5A18BEDF9E00EE0388 /* XCTest.framework in Frameworks */ = {isa = PBXBuildFile; fileRef = 1A1A7F5918BEDF9E00EE0388 /* XCTest.framework */; };
		1A1A7F5B18BEDF9E00EE0388 /* Foundation.framework in Frameworks */ = {isa = PBXBuildFile; fileRef = 1A1A7F4018BEDF9E00EE0388 /* Foundation.framework */; };
		1A1A7F5C18BEDF9E00EE0388 /* UIKit.framework in Frameworks */ = {isa = PBXBuildFile; fileRef = 1A1A7F4418BEDF9E00EE0388 /* UIKit.framework */; };
		1A1A7F6418BEDF9E00EE0388 /* InfoPlist.strings in Resources */ = {isa = PBXBuildFile; fileRef = 1A1A7F6218BEDF9E00EE0388 /* InfoPlist.strings */; };
		1A1EFD1118BEE23F007A1634 /* GoldCardsSchema.xcdatamodeld in Sources */ = {isa = PBXBuildFile; fileRef = 1A1EFD0F18BEE23F007A1634 /* GoldCardsSchema.xcdatamodeld */; };
		1A1EFD1518BEE713007A1634 /* heros.json in Resources */ = {isa = PBXBuildFile; fileRef = 1A1EFD1418BEE713007A1634 /* heros.json */; };
		1A1EFD2F18BEE7E0007A1634 /* _GCAchievement.m in Sources */ = {isa = PBXBuildFile; fileRef = 1A1EFD1818BEE7E0007A1634 /* _GCAchievement.m */; };
		1A1EFD3018BEE7E0007A1634 /* _GCCard.m in Sources */ = {isa = PBXBuildFile; fileRef = 1A1EFD1A18BEE7E0007A1634 /* _GCCard.m */; };
		1A1EFD3118BEE7E0007A1634 /* _GCEmote.m in Sources */ = {isa = PBXBuildFile; fileRef = 1A1EFD1C18BEE7E0007A1634 /* _GCEmote.m */; };
		1A1EFD3218BEE7E0007A1634 /* _GCHero.m in Sources */ = {isa = PBXBuildFile; fileRef = 1A1EFD1E18BEE7E0007A1634 /* _GCHero.m */; };
		1A1EFD3318BEE7E0007A1634 /* _GCMechanic.m in Sources */ = {isa = PBXBuildFile; fileRef = 1A1EFD2018BEE7E0007A1634 /* _GCMechanic.m */; };
		1A1EFD3418BEE7E0007A1634 /* _GCQuest.m in Sources */ = {isa = PBXBuildFile; fileRef = 1A1EFD2218BEE7E0007A1634 /* _GCQuest.m */; };
		1A1EFD3518BEE7E0007A1634 /* GCAchievement.m in Sources */ = {isa = PBXBuildFile; fileRef = 1A1EFD2418BEE7E0007A1634 /* GCAchievement.m */; };
		1A1EFD3618BEE7E0007A1634 /* GCCard.m in Sources */ = {isa = PBXBuildFile; fileRef = 1A1EFD2618BEE7E0007A1634 /* GCCard.m */; };
		1A1EFD3718BEE7E0007A1634 /* GCEmote.m in Sources */ = {isa = PBXBuildFile; fileRef = 1A1EFD2818BEE7E0007A1634 /* GCEmote.m */; };
		1A1EFD3818BEE7E0007A1634 /* GCHero.m in Sources */ = {isa = PBXBuildFile; fileRef = 1A1EFD2A18BEE7E0007A1634 /* GCHero.m */; };
		1A1EFD3918BEE7E0007A1634 /* GCMechanic.m in Sources */ = {isa = PBXBuildFile; fileRef = 1A1EFD2C18BEE7E0007A1634 /* GCMechanic.m */; };
		1A1EFD3A18BEE7E0007A1634 /* GCQuest.m in Sources */ = {isa = PBXBuildFile; fileRef = 1A1EFD2E18BEE7E0007A1634 /* GCQuest.m */; };
		1AF010D618BEE19600D87FF6 /* MathSpec.m in Sources */ = {isa = PBXBuildFile; fileRef = 1AF010D518BEE19600D87FF6 /* MathSpec.m */; };
		710026F03BBE4153B262AF79 /* libPods.a in Frameworks */ = {isa = PBXBuildFile; fileRef = 979DD3D577A943E388CA4F71 /* libPods.a */; };
		8FFB7B47C7C340299E6FA7C1 /* libPods-GoldCardsTests.a in Frameworks */ = {isa = PBXBuildFile; fileRef = 2F23FDD009F04A32A4FDB66A /* libPods-GoldCardsTests.a */; };
/* End PBXBuildFile section */

/* Begin PBXContainerItemProxy section */
		1A1A7F5D18BEDF9E00EE0388 /* PBXContainerItemProxy */ = {
			isa = PBXContainerItemProxy;
			containerPortal = 1A1A7F3518BEDF9E00EE0388 /* Project object */;
			proxyType = 1;
			remoteGlobalIDString = 1A1A7F3C18BEDF9E00EE0388;
			remoteInfo = GoldCards;
		};
/* End PBXContainerItemProxy section */

/* Begin PBXFileReference section */
		0477237BD8214C118BF1FEA0 /* Pods-GoldCardsTests.xcconfig */ = {isa = PBXFileReference; includeInIndex = 1; lastKnownFileType = text.xcconfig; name = "Pods-GoldCardsTests.xcconfig"; path = "Pods/Pods-GoldCardsTests.xcconfig"; sourceTree = "<group>"; };
		1099356D53B44F11B87581AA /* Pods.xcconfig */ = {isa = PBXFileReference; includeInIndex = 1; lastKnownFileType = text.xcconfig; name = Pods.xcconfig; path = Pods/Pods.xcconfig; sourceTree = "<group>"; };
		1A1A7F3D18BEDF9E00EE0388 /* GoldCards.app */ = {isa = PBXFileReference; explicitFileType = wrapper.application; includeInIndex = 0; path = GoldCards.app; sourceTree = BUILT_PRODUCTS_DIR; };
		1A1A7F4018BEDF9E00EE0388 /* Foundation.framework */ = {isa = PBXFileReference; lastKnownFileType = wrapper.framework; name = Foundation.framework; path = System/Library/Frameworks/Foundation.framework; sourceTree = SDKROOT; };
		1A1A7F4218BEDF9E00EE0388 /* CoreGraphics.framework */ = {isa = PBXFileReference; lastKnownFileType = wrapper.framework; name = CoreGraphics.framework; path = System/Library/Frameworks/CoreGraphics.framework; sourceTree = SDKROOT; };
		1A1A7F4418BEDF9E00EE0388 /* UIKit.framework */ = {isa = PBXFileReference; lastKnownFileType = wrapper.framework; name = UIKit.framework; path = System/Library/Frameworks/UIKit.framework; sourceTree = SDKROOT; };
		1A1A7F4818BEDF9E00EE0388 /* GoldCards-Info.plist */ = {isa = PBXFileReference; lastKnownFileType = text.plist.xml; path = "GoldCards-Info.plist"; sourceTree = "<group>"; };
		1A1A7F4A18BEDF9E00EE0388 /* en */ = {isa = PBXFileReference; lastKnownFileType = text.plist.strings; name = en; path = en.lproj/InfoPlist.strings; sourceTree = "<group>"; };
		1A1A7F4C18BEDF9E00EE0388 /* main.m */ = {isa = PBXFileReference; lastKnownFileType = sourcecode.c.objc; path = main.m; sourceTree = "<group>"; };
		1A1A7F4E18BEDF9E00EE0388 /* GoldCards-Prefix.pch */ = {isa = PBXFileReference; lastKnownFileType = sourcecode.c.h; path = "GoldCards-Prefix.pch"; sourceTree = "<group>"; };
		1A1A7F4F18BEDF9E00EE0388 /* AppDelegate.h */ = {isa = PBXFileReference; lastKnownFileType = sourcecode.c.h; path = AppDelegate.h; sourceTree = "<group>"; };
		1A1A7F5018BEDF9E00EE0388 /* AppDelegate.m */ = {isa = PBXFileReference; lastKnownFileType = sourcecode.c.objc; path = AppDelegate.m; sourceTree = "<group>"; };
		1A1A7F5218BEDF9E00EE0388 /* Images.xcassets */ = {isa = PBXFileReference; lastKnownFileType = folder.assetcatalog; path = Images.xcassets; sourceTree = "<group>"; };
		1A1A7F5818BEDF9E00EE0388 /* GoldCardsTests.xctest */ = {isa = PBXFileReference; explicitFileType = wrapper.cfbundle; includeInIndex = 0; path = GoldCardsTests.xctest; sourceTree = BUILT_PRODUCTS_DIR; };
		1A1A7F5918BEDF9E00EE0388 /* XCTest.framework */ = {isa = PBXFileReference; lastKnownFileType = wrapper.framework; name = XCTest.framework; path = Library/Frameworks/XCTest.framework; sourceTree = DEVELOPER_DIR; };
		1A1A7F6118BEDF9E00EE0388 /* GoldCardsTests-Info.plist */ = {isa = PBXFileReference; lastKnownFileType = text.plist.xml; path = "GoldCardsTests-Info.plist"; sourceTree = "<group>"; };
		1A1A7F6318BEDF9E00EE0388 /* en */ = {isa = PBXFileReference; lastKnownFileType = text.plist.strings; name = en; path = en.lproj/InfoPlist.strings; sourceTree = "<group>"; };
		1A1EFD1018BEE23F007A1634 /* GoldCardsSchema.xcdatamodel */ = {isa = PBXFileReference; lastKnownFileType = wrapper.xcdatamodel; path = GoldCardsSchema.xcdatamodel; sourceTree = "<group>"; };
		1A1EFD1418BEE713007A1634 /* heros.json */ = {isa = PBXFileReference; fileEncoding = 4; lastKnownFileType = text.json; path = heros.json; sourceTree = "<group>"; };
		1A1EFD1718BEE7E0007A1634 /* _GCAchievement.h */ = {isa = PBXFileReference; fileEncoding = 4; lastKnownFileType = sourcecode.c.h; name = _GCAchievement.h; path = Source/_GCAchievement.h; sourceTree = "<group>"; };
		1A1EFD1818BEE7E0007A1634 /* _GCAchievement.m */ = {isa = PBXFileReference; fileEncoding = 4; lastKnownFileType = sourcecode.c.objc; name = _GCAchievement.m; path = Source/_GCAchievement.m; sourceTree = "<group>"; };
		1A1EFD1918BEE7E0007A1634 /* _GCCard.h */ = {isa = PBXFileReference; fileEncoding = 4; lastKnownFileType = sourcecode.c.h; name = _GCCard.h; path = Source/_GCCard.h; sourceTree = "<group>"; };
		1A1EFD1A18BEE7E0007A1634 /* _GCCard.m */ = {isa = PBXFileReference; fileEncoding = 4; lastKnownFileType = sourcecode.c.objc; name = _GCCard.m; path = Source/_GCCard.m; sourceTree = "<group>"; };
		1A1EFD1B18BEE7E0007A1634 /* _GCEmote.h */ = {isa = PBXFileReference; fileEncoding = 4; lastKnownFileType = sourcecode.c.h; name = _GCEmote.h; path = Source/_GCEmote.h; sourceTree = "<group>"; };
		1A1EFD1C18BEE7E0007A1634 /* _GCEmote.m */ = {isa = PBXFileReference; fileEncoding = 4; lastKnownFileType = sourcecode.c.objc; name = _GCEmote.m; path = Source/_GCEmote.m; sourceTree = "<group>"; };
		1A1EFD1D18BEE7E0007A1634 /* _GCHero.h */ = {isa = PBXFileReference; fileEncoding = 4; lastKnownFileType = sourcecode.c.h; name = _GCHero.h; path = Source/_GCHero.h; sourceTree = "<group>"; };
		1A1EFD1E18BEE7E0007A1634 /* _GCHero.m */ = {isa = PBXFileReference; fileEncoding = 4; lastKnownFileType = sourcecode.c.objc; name = _GCHero.m; path = Source/_GCHero.m; sourceTree = "<group>"; };
		1A1EFD1F18BEE7E0007A1634 /* _GCMechanic.h */ = {isa = PBXFileReference; fileEncoding = 4; lastKnownFileType = sourcecode.c.h; name = _GCMechanic.h; path = Source/_GCMechanic.h; sourceTree = "<group>"; };
		1A1EFD2018BEE7E0007A1634 /* _GCMechanic.m */ = {isa = PBXFileReference; fileEncoding = 4; lastKnownFileType = sourcecode.c.objc; name = _GCMechanic.m; path = Source/_GCMechanic.m; sourceTree = "<group>"; };
		1A1EFD2118BEE7E0007A1634 /* _GCQuest.h */ = {isa = PBXFileReference; fileEncoding = 4; lastKnownFileType = sourcecode.c.h; name = _GCQuest.h; path = Source/_GCQuest.h; sourceTree = "<group>"; };
		1A1EFD2218BEE7E0007A1634 /* _GCQuest.m */ = {isa = PBXFileReference; fileEncoding = 4; lastKnownFileType = sourcecode.c.objc; name = _GCQuest.m; path = Source/_GCQuest.m; sourceTree = "<group>"; };
		1A1EFD2318BEE7E0007A1634 /* GCAchievement.h */ = {isa = PBXFileReference; fileEncoding = 4; lastKnownFileType = sourcecode.c.h; name = GCAchievement.h; path = Source/GCAchievement.h; sourceTree = "<group>"; };
		1A1EFD2418BEE7E0007A1634 /* GCAchievement.m */ = {isa = PBXFileReference; fileEncoding = 4; lastKnownFileType = sourcecode.c.objc; name = GCAchievement.m; path = Source/GCAchievement.m; sourceTree = "<group>"; };
		1A1EFD2518BEE7E0007A1634 /* GCCard.h */ = {isa = PBXFileReference; fileEncoding = 4; lastKnownFileType = sourcecode.c.h; name = GCCard.h; path = Source/GCCard.h; sourceTree = "<group>"; };
		1A1EFD2618BEE7E0007A1634 /* GCCard.m */ = {isa = PBXFileReference; fileEncoding = 4; lastKnownFileType = sourcecode.c.objc; name = GCCard.m; path = Source/GCCard.m; sourceTree = "<group>"; };
		1A1EFD2718BEE7E0007A1634 /* GCEmote.h */ = {isa = PBXFileReference; fileEncoding = 4; lastKnownFileType = sourcecode.c.h; name = GCEmote.h; path = Source/GCEmote.h; sourceTree = "<group>"; };
		1A1EFD2818BEE7E0007A1634 /* GCEmote.m */ = {isa = PBXFileReference; fileEncoding = 4; lastKnownFileType = sourcecode.c.objc; name = GCEmote.m; path = Source/GCEmote.m; sourceTree = "<group>"; };
		1A1EFD2918BEE7E0007A1634 /* GCHero.h */ = {isa = PBXFileReference; fileEncoding = 4; lastKnownFileType = sourcecode.c.h; name = GCHero.h; path = Source/GCHero.h; sourceTree = "<group>"; };
		1A1EFD2A18BEE7E0007A1634 /* GCHero.m */ = {isa = PBXFileReference; fileEncoding = 4; lastKnownFileType = sourcecode.c.objc; name = GCHero.m; path = Source/GCHero.m; sourceTree = "<group>"; };
		1A1EFD2B18BEE7E0007A1634 /* GCMechanic.h */ = {isa = PBXFileReference; fileEncoding = 4; lastKnownFileType = sourcecode.c.h; name = GCMechanic.h; path = Source/GCMechanic.h; sourceTree = "<group>"; };
		1A1EFD2C18BEE7E0007A1634 /* GCMechanic.m */ = {isa = PBXFileReference; fileEncoding = 4; lastKnownFileType = sourcecode.c.objc; name = GCMechanic.m; path = Source/GCMechanic.m; sourceTree = "<group>"; };
		1A1EFD2D18BEE7E0007A1634 /* GCQuest.h */ = {isa = PBXFileReference; fileEncoding = 4; lastKnownFileType = sourcecode.c.h; name = GCQuest.h; path = Source/GCQuest.h; sourceTree = "<group>"; };
		1A1EFD2E18BEE7E0007A1634 /* GCQuest.m */ = {isa = PBXFileReference; fileEncoding = 4; lastKnownFileType = sourcecode.c.objc; name = GCQuest.m; path = Source/GCQuest.m; sourceTree = "<group>"; };
		1AF010D518BEE19600D87FF6 /* MathSpec.m */ = {isa = PBXFileReference; fileEncoding = 4; lastKnownFileType = sourcecode.c.objc; path = MathSpec.m; sourceTree = "<group>"; };
		2F23FDD009F04A32A4FDB66A /* libPods-GoldCardsTests.a */ = {isa = PBXFileReference; explicitFileType = archive.ar; includeInIndex = 0; path = "libPods-GoldCardsTests.a"; sourceTree = BUILT_PRODUCTS_DIR; };
		979DD3D577A943E388CA4F71 /* libPods.a */ = {isa = PBXFileReference; explicitFileType = archive.ar; includeInIndex = 0; path = libPods.a; sourceTree = BUILT_PRODUCTS_DIR; };
/* End PBXFileReference section */

/* Begin PBXFrameworksBuildPhase section */
		1A1A7F3A18BEDF9E00EE0388 /* Frameworks */ = {
			isa = PBXFrameworksBuildPhase;
			buildActionMask = 2147483647;
			files = (
				1A1A7F4318BEDF9E00EE0388 /* CoreGraphics.framework in Frameworks */,
				1A1A7F4518BEDF9E00EE0388 /* UIKit.framework in Frameworks */,
				1A1A7F4118BEDF9E00EE0388 /* Foundation.framework in Frameworks */,
				710026F03BBE4153B262AF79 /* libPods.a in Frameworks */,
			);
			runOnlyForDeploymentPostprocessing = 0;
		};
		1A1A7F5518BEDF9E00EE0388 /* Frameworks */ = {
			isa = PBXFrameworksBuildPhase;
			buildActionMask = 2147483647;
			files = (
				1A1A7F5A18BEDF9E00EE0388 /* XCTest.framework in Frameworks */,
				1A1A7F5C18BEDF9E00EE0388 /* UIKit.framework in Frameworks */,
				1A1A7F5B18BEDF9E00EE0388 /* Foundation.framework in Frameworks */,
				8FFB7B47C7C340299E6FA7C1 /* libPods-GoldCardsTests.a in Frameworks */,
			);
			runOnlyForDeploymentPostprocessing = 0;
		};
/* End PBXFrameworksBuildPhase section */

/* Begin PBXGroup section */
		1A1A7F3418BEDF9E00EE0388 = {
			isa = PBXGroup;
			children = (
				1A1A7F4618BEDF9E00EE0388 /* GoldCards */,
				1A1A7F5F18BEDF9E00EE0388 /* GoldCardsTests */,
				1A1A7F3F18BEDF9E00EE0388 /* Frameworks */,
				1A1A7F3E18BEDF9E00EE0388 /* Products */,
				1099356D53B44F11B87581AA /* Pods.xcconfig */,
				0477237BD8214C118BF1FEA0 /* Pods-GoldCardsTests.xcconfig */,
			);
			sourceTree = "<group>";
		};
		1A1A7F3E18BEDF9E00EE0388 /* Products */ = {
			isa = PBXGroup;
			children = (
				1A1A7F3D18BEDF9E00EE0388 /* GoldCards.app */,
				1A1A7F5818BEDF9E00EE0388 /* GoldCardsTests.xctest */,
			);
			name = Products;
			sourceTree = "<group>";
		};
		1A1A7F3F18BEDF9E00EE0388 /* Frameworks */ = {
			isa = PBXGroup;
			children = (
				1A1A7F4018BEDF9E00EE0388 /* Foundation.framework */,
				1A1A7F4218BEDF9E00EE0388 /* CoreGraphics.framework */,
				1A1A7F4418BEDF9E00EE0388 /* UIKit.framework */,
				1A1A7F5918BEDF9E00EE0388 /* XCTest.framework */,
				979DD3D577A943E388CA4F71 /* libPods.a */,
				2F23FDD009F04A32A4FDB66A /* libPods-GoldCardsTests.a */,
			);
			name = Frameworks;
			sourceTree = "<group>";
		};
		1A1A7F4618BEDF9E00EE0388 /* GoldCards */ = {
			isa = PBXGroup;
			children = (
				1A1EFD1218BEE713007A1634 /* Resources */,
				1A1EFD0E18BEE212007A1634 /* Models */,
				1A1A7F4F18BEDF9E00EE0388 /* AppDelegate.h */,
				1A1A7F5018BEDF9E00EE0388 /* AppDelegate.m */,
				1A1A7F5218BEDF9E00EE0388 /* Images.xcassets */,
				1A1A7F4718BEDF9E00EE0388 /* Supporting Files */,
			);
			path = GoldCards;
			sourceTree = "<group>";
		};
		1A1A7F4718BEDF9E00EE0388 /* Supporting Files */ = {
			isa = PBXGroup;
			children = (
				1A1A7F4818BEDF9E00EE0388 /* GoldCards-Info.plist */,
				1A1A7F4918BEDF9E00EE0388 /* InfoPlist.strings */,
				1A1A7F4C18BEDF9E00EE0388 /* main.m */,
				1A1A7F4E18BEDF9E00EE0388 /* GoldCards-Prefix.pch */,
			);
			name = "Supporting Files";
			sourceTree = "<group>";
		};
		1A1A7F5F18BEDF9E00EE0388 /* GoldCardsTests */ = {
			isa = PBXGroup;
			children = (
				1AF010D518BEE19600D87FF6 /* MathSpec.m */,
				1A1A7F6018BEDF9E00EE0388 /* Supporting Files */,
			);
			path = GoldCardsTests;
			sourceTree = "<group>";
		};
		1A1A7F6018BEDF9E00EE0388 /* Supporting Files */ = {
			isa = PBXGroup;
			children = (
				1A1A7F6118BEDF9E00EE0388 /* GoldCardsTests-Info.plist */,
				1A1A7F6218BEDF9E00EE0388 /* InfoPlist.strings */,
			);
			name = "Supporting Files";
			sourceTree = "<group>";
		};
		1A1EFD0E18BEE212007A1634 /* Models */ = {
			isa = PBXGroup;
			children = (
				1A1EFD1618BEE729007A1634 /* Machine */,
				1A1EFD0F18BEE23F007A1634 /* GoldCardsSchema.xcdatamodeld */,
				1A1EFD2318BEE7E0007A1634 /* GCAchievement.h */,
				1A1EFD2418BEE7E0007A1634 /* GCAchievement.m */,
				1A1EFD2518BEE7E0007A1634 /* GCCard.h */,
				1A1EFD2618BEE7E0007A1634 /* GCCard.m */,
				1A1EFD2718BEE7E0007A1634 /* GCEmote.h */,
				1A1EFD2818BEE7E0007A1634 /* GCEmote.m */,
				1A1EFD2918BEE7E0007A1634 /* GCHero.h */,
				1A1EFD2A18BEE7E0007A1634 /* GCHero.m */,
				1A1EFD2B18BEE7E0007A1634 /* GCMechanic.h */,
				1A1EFD2C18BEE7E0007A1634 /* GCMechanic.m */,
				1A1EFD2D18BEE7E0007A1634 /* GCQuest.h */,
				1A1EFD2E18BEE7E0007A1634 /* GCQuest.m */,
			);
			name = Models;
			sourceTree = "<group>";
		};
		1A1EFD1218BEE713007A1634 /* Resources */ = {
			isa = PBXGroup;
			children = (
				1A1EFD1318BEE713007A1634 /* JSON */,
			);
			path = Resources;
			sourceTree = "<group>";
		};
		1A1EFD1318BEE713007A1634 /* JSON */ = {
			isa = PBXGroup;
			children = (
				1A1EFD1418BEE713007A1634 /* heros.json */,
			);
			path = JSON;
			sourceTree = "<group>";
		};
		1A1EFD1618BEE729007A1634 /* Machine */ = {
			isa = PBXGroup;
			children = (
				1A1EFD1718BEE7E0007A1634 /* _GCAchievement.h */,
				1A1EFD1818BEE7E0007A1634 /* _GCAchievement.m */,
				1A1EFD1918BEE7E0007A1634 /* _GCCard.h */,
				1A1EFD1A18BEE7E0007A1634 /* _GCCard.m */,
				1A1EFD1B18BEE7E0007A1634 /* _GCEmote.h */,
				1A1EFD1C18BEE7E0007A1634 /* _GCEmote.m */,
				1A1EFD1D18BEE7E0007A1634 /* _GCHero.h */,
				1A1EFD1E18BEE7E0007A1634 /* _GCHero.m */,
				1A1EFD1F18BEE7E0007A1634 /* _GCMechanic.h */,
				1A1EFD2018BEE7E0007A1634 /* _GCMechanic.m */,
				1A1EFD2118BEE7E0007A1634 /* _GCQuest.h */,
				1A1EFD2218BEE7E0007A1634 /* _GCQuest.m */,
			);
			name = Machine;
			sourceTree = "<group>";
		};
/* End PBXGroup section */

/* Begin PBXNativeTarget section */
		1A1A7F3C18BEDF9E00EE0388 /* GoldCards */ = {
			isa = PBXNativeTarget;
			buildConfigurationList = 1A1A7F6918BEDF9E00EE0388 /* Build configuration list for PBXNativeTarget "GoldCards" */;
			buildPhases = (
				672AE5FFB0BC4722BC7C1FDD /* Check Pods Manifest.lock */,
				1A1A7F3918BEDF9E00EE0388 /* Sources */,
				1A1A7F3A18BEDF9E00EE0388 /* Frameworks */,
				1A1A7F3B18BEDF9E00EE0388 /* Resources */,
				0E4AC04EFBC24C78B3EB4C13 /* Copy Pods Resources */,
			);
			buildRules = (
			);
			dependencies = (
			);
			name = GoldCards;
			productName = GoldCards;
			productReference = 1A1A7F3D18BEDF9E00EE0388 /* GoldCards.app */;
			productType = "com.apple.product-type.application";
		};
		1A1A7F5718BEDF9E00EE0388 /* GoldCardsTests */ = {
			isa = PBXNativeTarget;
			buildConfigurationList = 1A1A7F6C18BEDF9E00EE0388 /* Build configuration list for PBXNativeTarget "GoldCardsTests" */;
			buildPhases = (
				397577E63C0F4A48A2684970 /* Check Pods Manifest.lock */,
				1A1A7F5418BEDF9E00EE0388 /* Sources */,
				1A1A7F5518BEDF9E00EE0388 /* Frameworks */,
				1A1A7F5618BEDF9E00EE0388 /* Resources */,
				6B50E70539284456994BDCB2 /* Copy Pods Resources */,
			);
			buildRules = (
			);
			dependencies = (
				1A1A7F5E18BEDF9E00EE0388 /* PBXTargetDependency */,
			);
			name = GoldCardsTests;
			productName = GoldCardsTests;
			productReference = 1A1A7F5818BEDF9E00EE0388 /* GoldCardsTests.xctest */;
			productType = "com.apple.product-type.bundle.unit-test";
		};
/* End PBXNativeTarget section */

/* Begin PBXProject section */
		1A1A7F3518BEDF9E00EE0388 /* Project object */ = {
			isa = PBXProject;
			attributes = {
				LastUpgradeCheck = 0500;
				ORGANIZATIONNAME = "Michael Zornek";
				TargetAttributes = {
					1A1A7F5718BEDF9E00EE0388 = {
						TestTargetID = 1A1A7F3C18BEDF9E00EE0388;
					};
				};
			};
			buildConfigurationList = 1A1A7F3818BEDF9E00EE0388 /* Build configuration list for PBXProject "GoldCards" */;
			compatibilityVersion = "Xcode 3.2";
			developmentRegion = English;
			hasScannedForEncodings = 0;
			knownRegions = (
				en,
			);
			mainGroup = 1A1A7F3418BEDF9E00EE0388;
			productRefGroup = 1A1A7F3E18BEDF9E00EE0388 /* Products */;
			projectDirPath = "";
			projectRoot = "";
			targets = (
				1A1A7F3C18BEDF9E00EE0388 /* GoldCards */,
				1A1A7F5718BEDF9E00EE0388 /* GoldCardsTests */,
			);
		};
/* End PBXProject section */

/* Begin PBXResourcesBuildPhase section */
		1A1A7F3B18BEDF9E00EE0388 /* Resources */ = {
			isa = PBXResourcesBuildPhase;
			buildActionMask = 2147483647;
			files = (
				1A1A7F4B18BEDF9E00EE0388 /* InfoPlist.strings in Resources */,
				1A1A7F5318BEDF9E00EE0388 /* Images.xcassets in Resources */,
				1A1EFD1518BEE713007A1634 /* heros.json in Resources */,
			);
			runOnlyForDeploymentPostprocessing = 0;
		};
		1A1A7F5618BEDF9E00EE0388 /* Resources */ = {
			isa = PBXResourcesBuildPhase;
			buildActionMask = 2147483647;
			files = (
				1A1A7F6418BEDF9E00EE0388 /* InfoPlist.strings in Resources */,
			);
			runOnlyForDeploymentPostprocessing = 0;
		};
/* End PBXResourcesBuildPhase section */

/* Begin PBXShellScriptBuildPhase section */
		0E4AC04EFBC24C78B3EB4C13 /* Copy Pods Resources */ = {
			isa = PBXShellScriptBuildPhase;
			buildActionMask = 2147483647;
			files = (
			);
			inputPaths = (
			);
			name = "Copy Pods Resources";
			outputPaths = (
			);
			runOnlyForDeploymentPostprocessing = 0;
			shellPath = /bin/sh;
			shellScript = "\"${SRCROOT}/Pods/Pods-resources.sh\"\n";
			showEnvVarsInLog = 0;
		};
		397577E63C0F4A48A2684970 /* Check Pods Manifest.lock */ = {
			isa = PBXShellScriptBuildPhase;
			buildActionMask = 2147483647;
			files = (
			);
			inputPaths = (
			);
			name = "Check Pods Manifest.lock";
			outputPaths = (
			);
			runOnlyForDeploymentPostprocessing = 0;
			shellPath = /bin/sh;
			shellScript = "diff \"${PODS_ROOT}/../Podfile.lock\" \"${PODS_ROOT}/Manifest.lock\" > /dev/null\nif [[ $? != 0 ]] ; then\n    cat << EOM\nerror: The sandbox is not in sync with the Podfile.lock. Run 'pod install' or update your CocoaPods installation.\nEOM\n    exit 1\nfi\n";
			showEnvVarsInLog = 0;
		};
		672AE5FFB0BC4722BC7C1FDD /* Check Pods Manifest.lock */ = {
			isa = PBXShellScriptBuildPhase;
			buildActionMask = 2147483647;
			files = (
			);
			inputPaths = (
			);
			name = "Check Pods Manifest.lock";
			outputPaths = (
			);
			runOnlyForDeploymentPostprocessing = 0;
			shellPath = /bin/sh;
			shellScript = "diff \"${PODS_ROOT}/../Podfile.lock\" \"${PODS_ROOT}/Manifest.lock\" > /dev/null\nif [[ $? != 0 ]] ; then\n    cat << EOM\nerror: The sandbox is not in sync with the Podfile.lock. Run 'pod install' or update your CocoaPods installation.\nEOM\n    exit 1\nfi\n";
			showEnvVarsInLog = 0;
		};
		6B50E70539284456994BDCB2 /* Copy Pods Resources */ = {
			isa = PBXShellScriptBuildPhase;
			buildActionMask = 2147483647;
			files = (
			);
			inputPaths = (
			);
			name = "Copy Pods Resources";
			outputPaths = (
			);
			runOnlyForDeploymentPostprocessing = 0;
			shellPath = /bin/sh;
			shellScript = "\"${SRCROOT}/Pods/Pods-GoldCardsTests-resources.sh\"\n";
			showEnvVarsInLog = 0;
		};
/* End PBXShellScriptBuildPhase section */

/* Begin PBXSourcesBuildPhase section */
		1A1A7F3918BEDF9E00EE0388 /* Sources */ = {
			isa = PBXSourcesBuildPhase;
			buildActionMask = 2147483647;
			files = (
				1A1EFD3718BEE7E0007A1634 /* GCEmote.m in Sources */,
				1A1EFD3618BEE7E0007A1634 /* GCCard.m in Sources */,
				1A1EFD3818BEE7E0007A1634 /* GCHero.m in Sources */,
				1A1A7F5118BEDF9E00EE0388 /* AppDelegate.m in Sources */,
				1A1EFD3318BEE7E0007A1634 /* _GCMechanic.m in Sources */,
				1A1EFD2F18BEE7E0007A1634 /* _GCAchievement.m in Sources */,
				1A1EFD3418BEE7E0007A1634 /* _GCQuest.m in Sources */,
				1A1EFD3918BEE7E0007A1634 /* GCMechanic.m in Sources */,
				1A1EFD3018BEE7E0007A1634 /* _GCCard.m in Sources */,
				1A1A7F4D18BEDF9E00EE0388 /* main.m in Sources */,
				1A1EFD3118BEE7E0007A1634 /* _GCEmote.m in Sources */,
				1A1EFD1118BEE23F007A1634 /* GoldCardsSchema.xcdatamodeld in Sources */,
				1A1EFD3A18BEE7E0007A1634 /* GCQuest.m in Sources */,
				1A1EFD3218BEE7E0007A1634 /* _GCHero.m in Sources */,
				1A1EFD3518BEE7E0007A1634 /* GCAchievement.m in Sources */,
			);
			runOnlyForDeploymentPostprocessing = 0;
		};
		1A1A7F5418BEDF9E00EE0388 /* Sources */ = {
			isa = PBXSourcesBuildPhase;
			buildActionMask = 2147483647;
			files = (
				1AF010D618BEE19600D87FF6 /* MathSpec.m in Sources */,
			);
			runOnlyForDeploymentPostprocessing = 0;
		};
/* End PBXSourcesBuildPhase section */

/* Begin PBXTargetDependency section */
		1A1A7F5E18BEDF9E00EE0388 /* PBXTargetDependency */ = {
			isa = PBXTargetDependency;
			target = 1A1A7F3C18BEDF9E00EE0388 /* GoldCards */;
			targetProxy = 1A1A7F5D18BEDF9E00EE0388 /* PBXContainerItemProxy */;
		};
/* End PBXTargetDependency section */

/* Begin PBXVariantGroup section */
		1A1A7F4918BEDF9E00EE0388 /* InfoPlist.strings */ = {
			isa = PBXVariantGroup;
			children = (
				1A1A7F4A18BEDF9E00EE0388 /* en */,
			);
			name = InfoPlist.strings;
			sourceTree = "<group>";
		};
		1A1A7F6218BEDF9E00EE0388 /* InfoPlist.strings */ = {
			isa = PBXVariantGroup;
			children = (
				1A1A7F6318BEDF9E00EE0388 /* en */,
			);
			name = InfoPlist.strings;
			sourceTree = "<group>";
		};
/* End PBXVariantGroup section */

/* Begin XCBuildConfiguration section */
		1A1A7F6718BEDF9E00EE0388 /* Debug */ = {
			isa = XCBuildConfiguration;
			buildSettings = {
				ALWAYS_SEARCH_USER_PATHS = NO;
				ARCHS = "$(ARCHS_STANDARD_INCLUDING_64_BIT)";
				CLANG_CXX_LANGUAGE_STANDARD = "gnu++0x";
				CLANG_CXX_LIBRARY = "libc++";
				CLANG_ENABLE_MODULES = YES;
				CLANG_ENABLE_OBJC_ARC = YES;
				CLANG_WARN_BOOL_CONVERSION = YES;
				CLANG_WARN_CONSTANT_CONVERSION = YES;
				CLANG_WARN_DIRECT_OBJC_ISA_USAGE = YES_ERROR;
				CLANG_WARN_EMPTY_BODY = YES;
				CLANG_WARN_ENUM_CONVERSION = YES;
				CLANG_WARN_INT_CONVERSION = YES;
				CLANG_WARN_OBJC_ROOT_CLASS = YES_ERROR;
				CLANG_WARN__DUPLICATE_METHOD_MATCH = YES;
				"CODE_SIGN_IDENTITY[sdk=iphoneos*]" = "iPhone Developer";
				COPY_PHASE_STRIP = NO;
				GCC_C_LANGUAGE_STANDARD = gnu99;
				GCC_DYNAMIC_NO_PIC = NO;
				GCC_OPTIMIZATION_LEVEL = 0;
				GCC_PREPROCESSOR_DEFINITIONS = (
					"DEBUG=1",
					"$(inherited)",
				);
				GCC_SYMBOLS_PRIVATE_EXTERN = NO;
				GCC_WARN_64_TO_32_BIT_CONVERSION = YES;
				GCC_WARN_ABOUT_RETURN_TYPE = YES_ERROR;
				GCC_WARN_UNDECLARED_SELECTOR = YES;
				GCC_WARN_UNINITIALIZED_AUTOS = YES;
				GCC_WARN_UNUSED_FUNCTION = YES;
				GCC_WARN_UNUSED_VARIABLE = YES;
				IPHONEOS_DEPLOYMENT_TARGET = 7.0;
				ONLY_ACTIVE_ARCH = YES;
				SDKROOT = iphoneos;
				TARGETED_DEVICE_FAMILY = "1,2";
			};
			name = Debug;
		};
		1A1A7F6818BEDF9E00EE0388 /* Release */ = {
			isa = XCBuildConfiguration;
			buildSettings = {
				ALWAYS_SEARCH_USER_PATHS = NO;
				ARCHS = "$(ARCHS_STANDARD_INCLUDING_64_BIT)";
				CLANG_CXX_LANGUAGE_STANDARD = "gnu++0x";
				CLANG_CXX_LIBRARY = "libc++";
				CLANG_ENABLE_MODULES = YES;
				CLANG_ENABLE_OBJC_ARC = YES;
				CLANG_WARN_BOOL_CONVERSION = YES;
				CLANG_WARN_CONSTANT_CONVERSION = YES;
				CLANG_WARN_DIRECT_OBJC_ISA_USAGE = YES_ERROR;
				CLANG_WARN_EMPTY_BODY = YES;
				CLANG_WARN_ENUM_CONVERSION = YES;
				CLANG_WARN_INT_CONVERSION = YES;
				CLANG_WARN_OBJC_ROOT_CLASS = YES_ERROR;
				CLANG_WARN__DUPLICATE_METHOD_MATCH = YES;
				"CODE_SIGN_IDENTITY[sdk=iphoneos*]" = "iPhone Developer";
				COPY_PHASE_STRIP = YES;
				ENABLE_NS_ASSERTIONS = NO;
				GCC_C_LANGUAGE_STANDARD = gnu99;
				GCC_WARN_64_TO_32_BIT_CONVERSION = YES;
				GCC_WARN_ABOUT_RETURN_TYPE = YES_ERROR;
				GCC_WARN_UNDECLARED_SELECTOR = YES;
				GCC_WARN_UNINITIALIZED_AUTOS = YES;
				GCC_WARN_UNUSED_FUNCTION = YES;
				GCC_WARN_UNUSED_VARIABLE = YES;
				IPHONEOS_DEPLOYMENT_TARGET = 7.0;
				SDKROOT = iphoneos;
				TARGETED_DEVICE_FAMILY = "1,2";
				VALIDATE_PRODUCT = YES;
			};
			name = Release;
		};
		1A1A7F6A18BEDF9E00EE0388 /* Debug */ = {
			isa = XCBuildConfiguration;
			baseConfigurationReference = 1099356D53B44F11B87581AA /* Pods.xcconfig */;
			buildSettings = {
				ASSETCATALOG_COMPILER_APPICON_NAME = AppIcon;
				ASSETCATALOG_COMPILER_LAUNCHIMAGE_NAME = LaunchImage;
				GCC_PRECOMPILE_PREFIX_HEADER = YES;
				GCC_PREFIX_HEADER = "GoldCards/GoldCards-Prefix.pch";
				INFOPLIST_FILE = "GoldCards/GoldCards-Info.plist";
				PRODUCT_NAME = "$(TARGET_NAME)";
				WRAPPER_EXTENSION = app;
			};
			name = Debug;
		};
		1A1A7F6B18BEDF9E00EE0388 /* Release */ = {
			isa = XCBuildConfiguration;
			baseConfigurationReference = 1099356D53B44F11B87581AA /* Pods.xcconfig */;
			buildSettings = {
				ASSETCATALOG_COMPILER_APPICON_NAME = AppIcon;
				ASSETCATALOG_COMPILER_LAUNCHIMAGE_NAME = LaunchImage;
				GCC_PRECOMPILE_PREFIX_HEADER = YES;
				GCC_PREFIX_HEADER = "GoldCards/GoldCards-Prefix.pch";
				INFOPLIST_FILE = "GoldCards/GoldCards-Info.plist";
				PRODUCT_NAME = "$(TARGET_NAME)";
				WRAPPER_EXTENSION = app;
			};
			name = Release;
		};
		1A1A7F6D18BEDF9E00EE0388 /* Debug */ = {
			isa = XCBuildConfiguration;
			baseConfigurationReference = 0477237BD8214C118BF1FEA0 /* Pods-GoldCardsTests.xcconfig */;
			buildSettings = {
				ARCHS = "$(ARCHS_STANDARD_INCLUDING_64_BIT)";
				BUNDLE_LOADER = "$(BUILT_PRODUCTS_DIR)/GoldCards.app/GoldCards";
				FRAMEWORK_SEARCH_PATHS = (
					"$(SDKROOT)/Developer/Library/Frameworks",
					"$(inherited)",
					"$(DEVELOPER_FRAMEWORKS_DIR)",
				);
				GCC_PRECOMPILE_PREFIX_HEADER = YES;
				GCC_PREFIX_HEADER = "GoldCards/GoldCards-Prefix.pch";
				GCC_PREPROCESSOR_DEFINITIONS = (
					"DEBUG=1",
					"$(inherited)",
				);
				INFOPLIST_FILE = "GoldCardsTests/GoldCardsTests-Info.plist";
				PRODUCT_NAME = "$(TARGET_NAME)";
				TEST_HOST = "$(BUNDLE_LOADER)";
				WRAPPER_EXTENSION = xctest;
			};
			name = Debug;
		};
		1A1A7F6E18BEDF9E00EE0388 /* Release */ = {
			isa = XCBuildConfiguration;
			baseConfigurationReference = 0477237BD8214C118BF1FEA0 /* Pods-GoldCardsTests.xcconfig */;
			buildSettings = {
				ARCHS = "$(ARCHS_STANDARD_INCLUDING_64_BIT)";
				BUNDLE_LOADER = "$(BUILT_PRODUCTS_DIR)/GoldCards.app/GoldCards";
				FRAMEWORK_SEARCH_PATHS = (
					"$(SDKROOT)/Developer/Library/Frameworks",
					"$(inherited)",
					"$(DEVELOPER_FRAMEWORKS_DIR)",
				);
				GCC_PRECOMPILE_PREFIX_HEADER = YES;
				GCC_PREFIX_HEADER = "GoldCards/GoldCards-Prefix.pch";
				INFOPLIST_FILE = "GoldCardsTests/GoldCardsTests-Info.plist";
				PRODUCT_NAME = "$(TARGET_NAME)";
				TEST_HOST = "$(BUNDLE_LOADER)";
				WRAPPER_EXTENSION = xctest;
			};
			name = Release;
		};
/* End XCBuildConfiguration section */

/* Begin XCConfigurationList section */
		1A1A7F3818BEDF9E00EE0388 /* Build configuration list for PBXProject "GoldCards" */ = {
			isa = XCConfigurationList;
			buildConfigurations = (
				1A1A7F6718BEDF9E00EE0388 /* Debug */,
				1A1A7F6818BEDF9E00EE0388 /* Release */,
			);
			defaultConfigurationIsVisible = 0;
			defaultConfigurationName = Release;
		};
		1A1A7F6918BEDF9E00EE0388 /* Build configuration list for PBXNativeTarget "GoldCards" */ = {
			isa = XCConfigurationList;
			buildConfigurations = (
				1A1A7F6A18BEDF9E00EE0388 /* Debug */,
				1A1A7F6B18BEDF9E00EE0388 /* Release */,
			);
			defaultConfigurationIsVisible = 0;
			defaultConfigurationName = Release;
		};
		1A1A7F6C18BEDF9E00EE0388 /* Build configuration list for PBXNativeTarget "GoldCardsTests" */ = {
			isa = XCConfigurationList;
			buildConfigurations = (
				1A1A7F6D18BEDF9E00EE0388 /* Debug */,
				1A1A7F6E18BEDF9E00EE0388 /* Release */,
			);
			defaultConfigurationIsVisible = 0;
			defaultConfigurationName = Release;
		};
/* End XCConfigurationList section */

/* Begin XCVersionGroup section */
		1A1EFD0F18BEE23F007A1634 /* GoldCardsSchema.xcdatamodeld */ = {
			isa = XCVersionGroup;
			children = (
				1A1EFD1018BEE23F007A1634 /* GoldCardsSchema.xcdatamodel */,
			);
			currentVersion = 1A1EFD1018BEE23F007A1634 /* GoldCardsSchema.xcdatamodel */;
			name = GoldCardsSchema.xcdatamodeld;
			path = Source/GoldCardsSchema.xcdatamodeld;
			sourceTree = "<group>";
			versionGroupType = wrapper.xcdatamodel;
		};
/* End XCVersionGroup section */
	};
	rootObject = 1A1A7F3518BEDF9E00EE0388 /* Project object */;
}
